
Microsoft Visual Studio Solution File, Format Version 12.00
# Visual Studio 15
VisualStudioVersion = 15.0.28010.2048
MinimumVisualStudioVersion = 10.0.40219.1
Project("{FAE04EC0-301F-11D3-BF4B-00C04F79EFBC}") = "SporWebMvc", "SporWebMvc\SporWebMvc.csproj", "{0E4BDCA3-3DFC-4EFA-8654-25D945C7A3FC}"
EndProject
Global
	GlobalSection(SolutionConfigurationPlatforms) = preSolution
		Debug|Any CPU = Debug|Any CPU
		Release|Any CPU = Release|Any CPU
	EndGlobalSection
	GlobalSection(ProjectConfigurationPlatforms) = postSolution
		{0E4BDCA3-3DFC-4EFA-8654-25D945C7A3FC}.Debug|Any CPU.ActiveCfg = Debug|Any CPU
		{0E4BDCA3-3DFC-4EFA-8654-25D945C7A3FC}.Debug|Any CPU.Build.0 = Debug|Any CPU
		{0E4BDCA3-3DFC-4EFA-8654-25D945C7A3FC}.Release|Any CPU.ActiveCfg = Release|Any CPU
		{0E4BDCA3-3DFC-4EFA-8654-25D945C7A3FC}.Release|Any CPU.Build.0 = Release|Any CPU
	EndGlobalSection
	GlobalSection(SolutionProperties) = preSolution
		HideSolutionNode = FALSE
	EndGlobalSection
	GlobalSection(ExtensibilityGlobals) = postSolution
		SolutionGuid = {00612D8D-D112-459E-8E6E-B1650F8080F6}
	EndGlobalSection
EndGlobal
